
Microsoft Visual Studio Solution File, Format Version 12.00
# Visual Studio Version 17
VisualStudioVersion = 17.2.32602.215
MinimumVisualStudioVersion = 10.0.40219.1
Project("{2150E333-8FDC-42A3-9474-1A3956D46DE8}") = "Back", "Back", "{23F4FAD0-C12B-4659-BC0F-2829D51CE9CF}"
EndProject
Project("{2150E333-8FDC-42A3-9474-1A3956D46DE8}") = "Front", "Front", "{AA0269B5-36E7-4054-BCEE-31845C0829C3}"
EndProject
Project("{2150E333-8FDC-42A3-9474-1A3956D46DE8}") = "src", "src", "{84B2F19D-AC55-4D16-87EE-4316CFC760DF}"
EndProject
Project("{9A19103F-16F7-4668-BE54-9A1E7A4F7556}") = "PROEVENTOS.API", "PROEVENTOS.API\PROEVENTOS.API.csproj", "{6E348F1A-47BE-4FFC-9F6B-57ADC0F1003A}"
EndProject
Global
	GlobalSection(SolutionConfigurationPlatforms) = preSolution
		Debug|Any CPU = Debug|Any CPU
		Release|Any CPU = Release|Any CPU
	EndGlobalSection
	GlobalSection(ProjectConfigurationPlatforms) = postSolution
		{6E348F1A-47BE-4FFC-9F6B-57ADC0F1003A}.Debug|Any CPU.ActiveCfg = Debug|Any CPU
		{6E348F1A-47BE-4FFC-9F6B-57ADC0F1003A}.Debug|Any CPU.Build.0 = Debug|Any CPU
		{6E348F1A-47BE-4FFC-9F6B-57ADC0F1003A}.Release|Any CPU.ActiveCfg = Release|Any CPU
		{6E348F1A-47BE-4FFC-9F6B-57ADC0F1003A}.Release|Any CPU.Build.0 = Release|Any CPU
	EndGlobalSection
	GlobalSection(SolutionProperties) = preSolution
		HideSolutionNode = FALSE
	EndGlobalSection
	GlobalSection(NestedProjects) = preSolution
		{84B2F19D-AC55-4D16-87EE-4316CFC760DF} = {23F4FAD0-C12B-4659-BC0F-2829D51CE9CF}
		{6E348F1A-47BE-4FFC-9F6B-57ADC0F1003A} = {84B2F19D-AC55-4D16-87EE-4316CFC760DF}
	EndGlobalSection
	GlobalSection(ExtensibilityGlobals) = postSolution
		SolutionGuid = {6CBE0811-6BB3-4AAD-98E0-C54D250E296D}
	EndGlobalSection
EndGlobal
